
Microsoft Visual Studio Solution File, Format Version 12.00
# Visual Studio Version 17
VisualStudioVersion = 17.0.32112.339
MinimumVisualStudioVersion = 10.0.40219.1
Project("{2150E333-8FDC-42A3-9474-1A3956D46DE8}") = "src", "src", "{67977697-F906-467D-AC86-65EE6CEC4B60}"
EndProject
Project("{2150E333-8FDC-42A3-9474-1A3956D46DE8}") = "01 - Api", "01 - Api", "{F527A1D6-45D2-433B-A223-D2F7BF87A0AE}"
EndProject
Project("{2150E333-8FDC-42A3-9474-1A3956D46DE8}") = "02 - Application", "02 - Application", "{26624864-389A-48F5-BB99-31C3C205482E}"
EndProject
Project("{2150E333-8FDC-42A3-9474-1A3956D46DE8}") = "03 - Domain", "03 - Domain", "{C03C7908-5BBF-4A26-AB60-97D98FB7DF98}"
EndProject
Project("{2150E333-8FDC-42A3-9474-1A3956D46DE8}") = "04 - Infra", "04 - Infra", "{69539FFB-BF07-498B-AE28-985FF0F04426}"
EndProject
Project("{2150E333-8FDC-42A3-9474-1A3956D46DE8}") = "05 - CrossCutting", "05 - CrossCutting", "{4EC29186-6184-4918-8A7E-8701BF6C4301}"
EndProject
Project("{2150E333-8FDC-42A3-9474-1A3956D46DE8}") = "Test", "Test", "{736CC26C-4EF7-48FA-85D0-356948292308}"
EndProject
Project("{9A19103F-16F7-4668-BE54-9A1E7A4F7556}") = "ProjetoTeste.Api", "ProjetoTeste.Api\ProjetoTeste.Api.csproj", "{3C011245-7BA5-4A8E-927C-AF29217183C7}"
EndProject
Project("{9A19103F-16F7-4668-BE54-9A1E7A4F7556}") = "ProjetoTeste.Application", "ProjetoTeste.Application\ProjetoTeste.Application.csproj", "{AC4A0D14-D22A-44EC-9AD8-F71E9E588A9E}"
EndProject
Project("{9A19103F-16F7-4668-BE54-9A1E7A4F7556}") = "ProjetoTeste.Domain", "ProjetoTeste.Domain\ProjetoTeste.Domain.csproj", "{A29FD79A-43B9-4283-AAD4-503A65AA258C}"
EndProject
Project("{9A19103F-16F7-4668-BE54-9A1E7A4F7556}") = "ProjetoTeste.Infra", "ProjetoTeste.Infra\ProjetoTeste.Infra.csproj", "{1BA1CB4E-2FE6-45EB-8BA6-0E3678C32776}"
EndProject
Project("{9A19103F-16F7-4668-BE54-9A1E7A4F7556}") = "ProjetoTeste.CrossCutting", "ProjetoTeste.CrossCutting\ProjetoTeste.CrossCutting.csproj", "{CD9A9121-6A2B-423B-8A0B-A3B48EE2D28F}"
EndProject
Project("{FAE04EC0-301F-11D3-BF4B-00C04F79EFBC}") = "ProjetoTeste.Api.Tests", "ProjetoTeste.Api.Tests\ProjetoTeste.Api.Tests.csproj", "{676F8850-14D8-4CF5-A4BB-C9FED441AD9C}"
EndProject
Global
	GlobalSection(SolutionConfigurationPlatforms) = preSolution
		Debug|Any CPU = Debug|Any CPU
		Release|Any CPU = Release|Any CPU
	EndGlobalSection
	GlobalSection(ProjectConfigurationPlatforms) = postSolution
		{3C011245-7BA5-4A8E-927C-AF29217183C7}.Debug|Any CPU.ActiveCfg = Debug|Any CPU
		{3C011245-7BA5-4A8E-927C-AF29217183C7}.Debug|Any CPU.Build.0 = Debug|Any CPU
		{3C011245-7BA5-4A8E-927C-AF29217183C7}.Release|Any CPU.ActiveCfg = Release|Any CPU
		{3C011245-7BA5-4A8E-927C-AF29217183C7}.Release|Any CPU.Build.0 = Release|Any CPU
		{AC4A0D14-D22A-44EC-9AD8-F71E9E588A9E}.Debug|Any CPU.ActiveCfg = Debug|Any CPU
		{AC4A0D14-D22A-44EC-9AD8-F71E9E588A9E}.Debug|Any CPU.Build.0 = Debug|Any CPU
		{AC4A0D14-D22A-44EC-9AD8-F71E9E588A9E}.Release|Any CPU.ActiveCfg = Release|Any CPU
		{AC4A0D14-D22A-44EC-9AD8-F71E9E588A9E}.Release|Any CPU.Build.0 = Release|Any CPU
		{A29FD79A-43B9-4283-AAD4-503A65AA258C}.Debug|Any CPU.ActiveCfg = Debug|Any CPU
		{A29FD79A-43B9-4283-AAD4-503A65AA258C}.Debug|Any CPU.Build.0 = Debug|Any CPU
		{A29FD79A-43B9-4283-AAD4-503A65AA258C}.Release|Any CPU.ActiveCfg = Release|Any CPU
		{A29FD79A-43B9-4283-AAD4-503A65AA258C}.Release|Any CPU.Build.0 = Release|Any CPU
		{1BA1CB4E-2FE6-45EB-8BA6-0E3678C32776}.Debug|Any CPU.ActiveCfg = Debug|Any CPU
		{1BA1CB4E-2FE6-45EB-8BA6-0E3678C32776}.Debug|Any CPU.Build.0 = Debug|Any CPU
		{1BA1CB4E-2FE6-45EB-8BA6-0E3678C32776}.Release|Any CPU.ActiveCfg = Release|Any CPU
		{1BA1CB4E-2FE6-45EB-8BA6-0E3678C32776}.Release|Any CPU.Build.0 = Release|Any CPU
		{CD9A9121-6A2B-423B-8A0B-A3B48EE2D28F}.Debug|Any CPU.ActiveCfg = Debug|Any CPU
		{CD9A9121-6A2B-423B-8A0B-A3B48EE2D28F}.Debug|Any CPU.Build.0 = Debug|Any CPU
		{CD9A9121-6A2B-423B-8A0B-A3B48EE2D28F}.Release|Any CPU.ActiveCfg = Release|Any CPU
		{CD9A9121-6A2B-423B-8A0B-A3B48EE2D28F}.Release|Any CPU.Build.0 = Release|Any CPU
		{676F8850-14D8-4CF5-A4BB-C9FED441AD9C}.Debug|Any CPU.ActiveCfg = Debug|Any CPU
		{676F8850-14D8-4CF5-A4BB-C9FED441AD9C}.Debug|Any CPU.Build.0 = Debug|Any CPU
		{676F8850-14D8-4CF5-A4BB-C9FED441AD9C}.Release|Any CPU.ActiveCfg = Release|Any CPU
		{676F8850-14D8-4CF5-A4BB-C9FED441AD9C}.Release|Any CPU.Build.0 = Release|Any CPU
	EndGlobalSection
	GlobalSection(SolutionProperties) = preSolution
		HideSolutionNode = FALSE
	EndGlobalSection
	GlobalSection(NestedProjects) = preSolution
		{F527A1D6-45D2-433B-A223-D2F7BF87A0AE} = {67977697-F906-467D-AC86-65EE6CEC4B60}
		{26624864-389A-48F5-BB99-31C3C205482E} = {67977697-F906-467D-AC86-65EE6CEC4B60}
		{C03C7908-5BBF-4A26-AB60-97D98FB7DF98} = {67977697-F906-467D-AC86-65EE6CEC4B60}
		{69539FFB-BF07-498B-AE28-985FF0F04426} = {67977697-F906-467D-AC86-65EE6CEC4B60}
		{4EC29186-6184-4918-8A7E-8701BF6C4301} = {67977697-F906-467D-AC86-65EE6CEC4B60}
		{736CC26C-4EF7-48FA-85D0-356948292308} = {67977697-F906-467D-AC86-65EE6CEC4B60}
		{3C011245-7BA5-4A8E-927C-AF29217183C7} = {F527A1D6-45D2-433B-A223-D2F7BF87A0AE}
		{AC4A0D14-D22A-44EC-9AD8-F71E9E588A9E} = {26624864-389A-48F5-BB99-31C3C205482E}
		{A29FD79A-43B9-4283-AAD4-503A65AA258C} = {C03C7908-5BBF-4A26-AB60-97D98FB7DF98}
		{1BA1CB4E-2FE6-45EB-8BA6-0E3678C32776} = {69539FFB-BF07-498B-AE28-985FF0F04426}
		{CD9A9121-6A2B-423B-8A0B-A3B48EE2D28F} = {4EC29186-6184-4918-8A7E-8701BF6C4301}
		{676F8850-14D8-4CF5-A4BB-C9FED441AD9C} = {736CC26C-4EF7-48FA-85D0-356948292308}
	EndGlobalSection
	GlobalSection(ExtensibilityGlobals) = postSolution
		SolutionGuid = {438E5AD0-219B-40FF-9350-665B62252A7A}
	EndGlobalSection
EndGlobal
